
Microsoft Visual Studio Solution File, Format Version 12.00
# Visual Studio Version 16
VisualStudioVersion = 16.0.31205.134
MinimumVisualStudioVersion = 10.0.40219.1
Project("{FAE04EC0-301F-11D3-BF4B-00C04F79EFBC}") = "SimpleLineBot", "SimpleLineBot\SimpleLineBot.csproj", "{5ECDE346-AC40-4A95-A4B8-A8C621FAAC3E}"
EndProject
Global
	GlobalSection(SolutionConfigurationPlatforms) = preSolution
		Debug|Any CPU = Debug|Any CPU
		Release|Any CPU = Release|Any CPU
	EndGlobalSection
	GlobalSection(ProjectConfigurationPlatforms) = postSolution
		{5ECDE346-AC40-4A95-A4B8-A8C621FAAC3E}.Debug|Any CPU.ActiveCfg = Debug|Any CPU
		{5ECDE346-AC40-4A95-A4B8-A8C621FAAC3E}.Debug|Any CPU.Build.0 = Debug|Any CPU
		{5ECDE346-AC40-4A95-A4B8-A8C621FAAC3E}.Release|Any CPU.ActiveCfg = Release|Any CPU
		{5ECDE346-AC40-4A95-A4B8-A8C621FAAC3E}.Release|Any CPU.Build.0 = Release|Any CPU
	EndGlobalSection
	GlobalSection(SolutionProperties) = preSolution
		HideSolutionNode = FALSE
	EndGlobalSection
	GlobalSection(ExtensibilityGlobals) = postSolution
		SolutionGuid = {373E1C51-9F3B-4C6D-8B54-38FB3D468C64}
	EndGlobalSection
EndGlobal
